{
  "name": "acanstools",
  "version": "1.0.0",
  "lockfileVersion": 3,
  "requires": true,
  "packages": {
    "": {
      "name": "acanstools",
      "version": "1.0.0",
      "license": "ISC",
      "workspaces": [
        "@acanstools/soundclone"
      ]
    },
    "@acanstools/soundclone": {
      "name": "soundclone",
      "version": "1.0.0",
      "license": "ISC"
    },
    "node_modules/soundclone": {
      "resolved": "@acanstools/soundclone",
      "link": true
    }
  }
}
